
Microsoft Visual Studio Solution File, Format Version 12.00
# Visual Studio 15
VisualStudioVersion = 15.0.28307.1321
MinimumVisualStudioVersion = 10.0.40219.1
Project("{8BC9CEB8-8B4A-11D0-8D11-00A0C91BC942}") = "BASIC_IOCP", "BASIC_IOCP\BASIC_IOCP.vcxproj", "{64646E79-7839-4198-941A-2B12A580AB05}"
EndProject
Project("{8BC9CEB8-8B4A-11D0-8D11-00A0C91BC942}") = "BASIC_IOCP_02", "BASIC_IOCP_02\BASIC_IOCP_02.vcxproj", "{58335774-8479-4385-8D88-17DBE94A23A8}"
EndProject
Global
	GlobalSection(SolutionConfigurationPlatforms) = preSolution
		Debug|x64 = Debug|x64
		Debug|x86 = Debug|x86
		Release|x64 = Release|x64
		Release|x86 = Release|x86
	EndGlobalSection
	GlobalSection(ProjectConfigurationPlatforms) = postSolution
		{64646E79-7839-4198-941A-2B12A580AB05}.Debug|x64.ActiveCfg = Debug|x64
		{64646E79-7839-4198-941A-2B12A580AB05}.Debug|x64.Build.0 = Debug|x64
		{64646E79-7839-4198-941A-2B12A580AB05}.Debug|x86.ActiveCfg = Debug|Win32
		{64646E79-7839-4198-941A-2B12A580AB05}.Debug|x86.Build.0 = Debug|Win32
		{64646E79-7839-4198-941A-2B12A580AB05}.Release|x64.ActiveCfg = Release|x64
		{64646E79-7839-4198-941A-2B12A580AB05}.Release|x64.Build.0 = Release|x64
		{64646E79-7839-4198-941A-2B12A580AB05}.Release|x86.ActiveCfg = Release|Win32
		{64646E79-7839-4198-941A-2B12A580AB05}.Release|x86.Build.0 = Release|Win32
		{58335774-8479-4385-8D88-17DBE94A23A8}.Debug|x64.ActiveCfg = Debug|x64
		{58335774-8479-4385-8D88-17DBE94A23A8}.Debug|x64.Build.0 = Debug|x64
		{58335774-8479-4385-8D88-17DBE94A23A8}.Debug|x86.ActiveCfg = Debug|Win32
		{58335774-8479-4385-8D88-17DBE94A23A8}.Debug|x86.Build.0 = Debug|Win32
		{58335774-8479-4385-8D88-17DBE94A23A8}.Release|x64.ActiveCfg = Release|x64
		{58335774-8479-4385-8D88-17DBE94A23A8}.Release|x64.Build.0 = Release|x64
		{58335774-8479-4385-8D88-17DBE94A23A8}.Release|x86.ActiveCfg = Release|Win32
		{58335774-8479-4385-8D88-17DBE94A23A8}.Release|x86.Build.0 = Release|Win32
	EndGlobalSection
	GlobalSection(SolutionProperties) = preSolution
		HideSolutionNode = FALSE
	EndGlobalSection
	GlobalSection(ExtensibilityGlobals) = postSolution
		SolutionGuid = {5C2AC7FF-A4C4-40E1-9725-05ADC199D624}
	EndGlobalSection
EndGlobal
